// !$*UTF8*$!
{
	archiveVersion = 1;
	classes = {
	};
	objectVersion = 55;
	objects = {

/* Begin PBXBuildFile section */
		680E4D07F8F2FFAD8C4F876F /* Pods_Demo.framework in Frameworks */ = {isa = PBXBuildFile; fileRef = 18597030E69EA542FB9E5C5C /* Pods_Demo.framework */; };
		9B26547328783F4700325A9E /* AudioPlayerManager.RemoteControl.swift in Sources */ = {isa = PBXBuildFile; fileRef = 9B26547228783F4700325A9E /* AudioPlayerManager.RemoteControl.swift */; };
		9B2654752879A20500325A9E /* AudioPlayerItem.swift in Sources */ = {isa = PBXBuildFile; fileRef = 9B2654742879A20500325A9E /* AudioPlayerItem.swift */; };
		9B2654772879A2C800325A9E /* AudioPlayerManager.swift in Sources */ = {isa = PBXBuildFile; fileRef = 9B2654762879A2C800325A9E /* AudioPlayerManager.swift */; };
		9B5349B728800C1E009E07D7 /* AudioPlayerButton.swift in Sources */ = {isa = PBXBuildFile; fileRef = 9B5349B628800C1E009E07D7 /* AudioPlayerButton.swift */; };
		9B5349BB28801BB0009E07D7 /* 蔡依林,周杰伦 - 布拉格广场.mp3 in Resources */ = {isa = PBXBuildFile; fileRef = 9B5349BA28801BB0009E07D7 /* 蔡依林,周杰伦 - 布拉格广场.mp3 */; };
		9BD3F7742876D58D00015754 /* AppDelegate.swift in Sources */ = {isa = PBXBuildFile; fileRef = 9BD3F7732876D58D00015754 /* AppDelegate.swift */; };
		9BD3F7762876D58D00015754 /* SceneDelegate.swift in Sources */ = {isa = PBXBuildFile; fileRef = 9BD3F7752876D58D00015754 /* SceneDelegate.swift */; };
		9BD3F7782876D58D00015754 /* ViewController.swift in Sources */ = {isa = PBXBuildFile; fileRef = 9BD3F7772876D58D00015754 /* ViewController.swift */; };
		9BD3F77B2876D58D00015754 /* Main.storyboard in Resources */ = {isa = PBXBuildFile; fileRef = 9BD3F7792876D58D00015754 /* Main.storyboard */; };
		9BD3F77D2876D58E00015754 /* Assets.xcassets in Resources */ = {isa = PBXBuildFile; fileRef = 9BD3F77C2876D58E00015754 /* Assets.xcassets */; };
		9BD3F7802876D58E00015754 /* LaunchScreen.storyboard in Resources */ = {isa = PBXBuildFile; fileRef = 9BD3F77E2876D58E00015754 /* LaunchScreen.storyboard */; };
		9BD3F7882877DB8D00015754 /* AudioPlayerController.swift in Sources */ = {isa = PBXBuildFile; fileRef = 9BD3F7872877DB8D00015754 /* AudioPlayerController.swift */; };
		9BD3F78A2877DBF600015754 /* AudioPlayerView.swift in Sources */ = {isa = PBXBuildFile; fileRef = 9BD3F7892877DBF600015754 /* AudioPlayerView.swift */; };
		9BD3F78C2877E22B00015754 /* AudioPlayerPlanetLayer.swift in Sources */ = {isa = PBXBuildFile; fileRef = 9BD3F78B2877E22B00015754 /* AudioPlayerPlanetLayer.swift */; };
		9BD3F78E2878047500015754 /* Storyboard.swift in Sources */ = {isa = PBXBuildFile; fileRef = 9BD3F78D2878047500015754 /* Storyboard.swift */; };
		9BD3F79028780E1C00015754 /* AudioPlayerListController.swift in Sources */ = {isa = PBXBuildFile; fileRef = 9BD3F78F28780E1C00015754 /* AudioPlayerListController.swift */; };
		9BD3F79228781C9100015754 /* AudioPlayerQueue.swift in Sources */ = {isa = PBXBuildFile; fileRef = 9BD3F79128781C9100015754 /* AudioPlayerQueue.swift */; };
/* End PBXBuildFile section */

/* Begin PBXFileReference section */
		18597030E69EA542FB9E5C5C /* Pods_Demo.framework */ = {isa = PBXFileReference; explicitFileType = wrapper.framework; includeInIndex = 0; path = Pods_Demo.framework; sourceTree = BUILT_PRODUCTS_DIR; };
		2196F9AB8F7FFD40D56B16A9 /* Pods-Demo.release.xcconfig */ = {isa = PBXFileReference; includeInIndex = 1; lastKnownFileType = text.xcconfig; name = "Pods-Demo.release.xcconfig"; path = "Target Support Files/Pods-Demo/Pods-Demo.release.xcconfig"; sourceTree = "<group>"; };
		30D87B82558D539A0CDF977D /* Pods-Demo.debug.xcconfig */ = {isa = PBXFileReference; includeInIndex = 1; lastKnownFileType = text.xcconfig; name = "Pods-Demo.debug.xcconfig"; path = "Target Support Files/Pods-Demo/Pods-Demo.debug.xcconfig"; sourceTree = "<group>"; };
		9B26547228783F4700325A9E /* AudioPlayerManager.RemoteControl.swift */ = {isa = PBXFileReference; lastKnownFileType = sourcecode.swift; path = AudioPlayerManager.RemoteControl.swift; sourceTree = "<group>"; };
		9B2654742879A20500325A9E /* AudioPlayerItem.swift */ = {isa = PBXFileReference; lastKnownFileType = sourcecode.swift; path = AudioPlayerItem.swift; sourceTree = "<group>"; };
		9B2654762879A2C800325A9E /* AudioPlayerManager.swift */ = {isa = PBXFileReference; lastKnownFileType = sourcecode.swift; path = AudioPlayerManager.swift; sourceTree = "<group>"; };
		9B5349B628800C1E009E07D7 /* AudioPlayerButton.swift */ = {isa = PBXFileReference; lastKnownFileType = sourcecode.swift; path = AudioPlayerButton.swift; sourceTree = "<group>"; };
		9B5349BA28801BB0009E07D7 /* 蔡依林,周杰伦 - 布拉格广场.mp3 */ = {isa = PBXFileReference; lastKnownFileType = audio.mp3; path = "蔡依林,周杰伦 - 布拉格广场.mp3"; sourceTree = "<group>"; };
		9BD3F7702876D58D00015754 /* Demo.app */ = {isa = PBXFileReference; explicitFileType = wrapper.application; includeInIndex = 0; path = Demo.app; sourceTree = BUILT_PRODUCTS_DIR; };
		9BD3F7732876D58D00015754 /* AppDelegate.swift */ = {isa = PBXFileReference; lastKnownFileType = sourcecode.swift; path = AppDelegate.swift; sourceTree = "<group>"; };
		9BD3F7752876D58D00015754 /* SceneDelegate.swift */ = {isa = PBXFileReference; lastKnownFileType = sourcecode.swift; path = SceneDelegate.swift; sourceTree = "<group>"; };
		9BD3F7772876D58D00015754 /* ViewController.swift */ = {isa = PBXFileReference; lastKnownFileType = sourcecode.swift; path = ViewController.swift; sourceTree = "<group>"; };
		9BD3F77A2876D58D00015754 /* Base */ = {isa = PBXFileReference; lastKnownFileType = file.storyboard; name = Base; path = Base.lproj/Main.storyboard; sourceTree = "<group>"; };
		9BD3F77C2876D58E00015754 /* Assets.xcassets */ = {isa = PBXFileReference; lastKnownFileType = folder.assetcatalog; path = Assets.xcassets; sourceTree = "<group>"; };
		9BD3F77F2876D58E00015754 /* Base */ = {isa = PBXFileReference; lastKnownFileType = file.storyboard; name = Base; path = Base.lproj/LaunchScreen.storyboard; sourceTree = "<group>"; };
		9BD3F7812876D58E00015754 /* Info.plist */ = {isa = PBXFileReference; lastKnownFileType = text.plist.xml; path = Info.plist; sourceTree = "<group>"; };
		9BD3F7872877DB8D00015754 /* AudioPlayerController.swift */ = {isa = PBXFileReference; lastKnownFileType = sourcecode.swift; path = AudioPlayerController.swift; sourceTree = "<group>"; };
		9BD3F7892877DBF600015754 /* AudioPlayerView.swift */ = {isa = PBXFileReference; lastKnownFileType = sourcecode.swift; path = AudioPlayerView.swift; sourceTree = "<group>"; };
		9BD3F78B2877E22B00015754 /* AudioPlayerPlanetLayer.swift */ = {isa = PBXFileReference; lastKnownFileType = sourcecode.swift; path = AudioPlayerPlanetLayer.swift; sourceTree = "<group>"; };
		9BD3F78D2878047500015754 /* Storyboard.swift */ = {isa = PBXFileReference; lastKnownFileType = sourcecode.swift; path = Storyboard.swift; sourceTree = "<group>"; };
		9BD3F78F28780E1C00015754 /* AudioPlayerListController.swift */ = {isa = PBXFileReference; lastKnownFileType = sourcecode.swift; path = AudioPlayerListController.swift; sourceTree = "<group>"; };
		9BD3F79128781C9100015754 /* AudioPlayerQueue.swift */ = {isa = PBXFileReference; lastKnownFileType = sourcecode.swift; path = AudioPlayerQueue.swift; sourceTree = "<group>"; };
/* End PBXFileReference section */

/* Begin PBXFrameworksBuildPhase section */
		9BD3F76D2876D58D00015754 /* Frameworks */ = {
			isa = PBXFrameworksBuildPhase;
			buildActionMask = 2147483647;
			files = (
				680E4D07F8F2FFAD8C4F876F /* Pods_Demo.framework in Frameworks */,
			);
			runOnlyForDeploymentPostprocessing = 0;
		};
/* End PBXFrameworksBuildPhase section */

/* Begin PBXGroup section */
		4DFE5703828DEDDC2F9619C1 /* Frameworks */ = {
			isa = PBXGroup;
			children = (
				18597030E69EA542FB9E5C5C /* Pods_Demo.framework */,
			);
			name = Frameworks;
			sourceTree = "<group>";
		};
		9BD3F7672876D58D00015754 = {
			isa = PBXGroup;
			children = (
				9BD3F7722876D58D00015754 /* Demo */,
				9BD3F7712876D58D00015754 /* Products */,
				EDAA50BEB31A984205B11F1D /* Pods */,
				4DFE5703828DEDDC2F9619C1 /* Frameworks */,
			);
			sourceTree = "<group>";
		};
		9BD3F7712876D58D00015754 /* Products */ = {
			isa = PBXGroup;
			children = (
				9BD3F7702876D58D00015754 /* Demo.app */,
			);
			name = Products;
			sourceTree = "<group>";
		};
		9BD3F7722876D58D00015754 /* Demo */ = {
			isa = PBXGroup;
			children = (
				9B5349BA28801BB0009E07D7 /* 蔡依林,周杰伦 - 布拉格广场.mp3 */,
				9BD3F7732876D58D00015754 /* AppDelegate.swift */,
				9BD3F7752876D58D00015754 /* SceneDelegate.swift */,
				9BD3F7772876D58D00015754 /* ViewController.swift */,
				9B5349B628800C1E009E07D7 /* AudioPlayerButton.swift */,
				9BD3F78F28780E1C00015754 /* AudioPlayerListController.swift */,
				9B2654762879A2C800325A9E /* AudioPlayerManager.swift */,
				9BD3F79128781C9100015754 /* AudioPlayerQueue.swift */,
				9B2654742879A20500325A9E /* AudioPlayerItem.swift */,
				9BD3F7872877DB8D00015754 /* AudioPlayerController.swift */,
				9BD3F7892877DBF600015754 /* AudioPlayerView.swift */,
				9BD3F78B2877E22B00015754 /* AudioPlayerPlanetLayer.swift */,
				9B26547228783F4700325A9E /* AudioPlayerManager.RemoteControl.swift */,
				9BD3F7792876D58D00015754 /* Main.storyboard */,
				9BD3F77C2876D58E00015754 /* Assets.xcassets */,
				9BD3F77E2876D58E00015754 /* LaunchScreen.storyboard */,
				9BD3F7812876D58E00015754 /* Info.plist */,
				9BD3F78D2878047500015754 /* Storyboard.swift */,
			);
			path = Demo;
			sourceTree = "<group>";
		};
		EDAA50BEB31A984205B11F1D /* Pods */ = {
			isa = PBXGroup;
			children = (
				30D87B82558D539A0CDF977D /* Pods-Demo.debug.xcconfig */,
				2196F9AB8F7FFD40D56B16A9 /* Pods-Demo.release.xcconfig */,
			);
			path = Pods;
			sourceTree = "<group>";
		};
/* End PBXGroup section */

/* Begin PBXNativeTarget section */
		9BD3F76F2876D58D00015754 /* Demo */ = {
			isa = PBXNativeTarget;
			buildConfigurationList = 9BD3F7842876D58E00015754 /* Build configuration list for PBXNativeTarget "Demo" */;
			buildPhases = (
				447D28D2C9CB5D267C76F568 /* [CP] Check Pods Manifest.lock */,
				9BD3F76C2876D58D00015754 /* Sources */,
				9BD3F76D2876D58D00015754 /* Frameworks */,
				9BD3F76E2876D58D00015754 /* Resources */,
				1194BC848CA97F0FFFEEEF62 /* [CP] Embed Pods Frameworks */,
			);
			buildRules = (
			);
			dependencies = (
			);
			name = Demo;
			productName = Demo;
			productReference = 9BD3F7702876D58D00015754 /* Demo.app */;
			productType = "com.apple.product-type.application";
		};
/* End PBXNativeTarget section */

/* Begin PBXProject section */
		9BD3F7682876D58D00015754 /* Project object */ = {
			isa = PBXProject;
			attributes = {
				BuildIndependentTargetsInParallel = 1;
				LastSwiftUpdateCheck = 1340;
				LastUpgradeCheck = 1340;
				TargetAttributes = {
					9BD3F76F2876D58D00015754 = {
						CreatedOnToolsVersion = 13.4.1;
					};
				};
			};
			buildConfigurationList = 9BD3F76B2876D58D00015754 /* Build configuration list for PBXProject "Demo" */;
			compatibilityVersion = "Xcode 13.0";
			developmentRegion = en;
			hasScannedForEncodings = 0;
			knownRegions = (
				en,
				Base,
			);
			mainGroup = 9BD3F7672876D58D00015754;
			productRefGroup = 9BD3F7712876D58D00015754 /* Products */;
			projectDirPath = "";
			projectRoot = "";
			targets = (
				9BD3F76F2876D58D00015754 /* Demo */,
			);
		};
/* End PBXProject section */

/* Begin PBXResourcesBuildPhase section */
		9BD3F76E2876D58D00015754 /* Resources */ = {
			isa = PBXResourcesBuildPhase;
			buildActionMask = 2147483647;
			files = (
				9BD3F7802876D58E00015754 /* LaunchScreen.storyboard in Resources */,
				9BD3F77D2876D58E00015754 /* Assets.xcassets in Resources */,
				9B5349BB28801BB0009E07D7 /* 蔡依林,周杰伦 - 布拉格广场.mp3 in Resources */,
				9BD3F77B2876D58D00015754 /* Main.storyboard in Resources */,
			);
			runOnlyForDeploymentPostprocessing = 0;
		};
/* End PBXResourcesBuildPhase section */

/* Begin PBXShellScriptBuildPhase section */
		1194BC848CA97F0FFFEEEF62 /* [CP] Embed Pods Frameworks */ = {
			isa = PBXShellScriptBuildPhase;
			buildActionMask = 2147483647;
			files = (
			);
			inputFileListPaths = (
				"${PODS_ROOT}/Target Support Files/Pods-Demo/Pods-Demo-frameworks-${CONFIGURATION}-input-files.xcfilelist",
			);
			name = "[CP] Embed Pods Frameworks";
			outputFileListPaths = (
				"${PODS_ROOT}/Target Support Files/Pods-Demo/Pods-Demo-frameworks-${CONFIGURATION}-output-files.xcfilelist",
			);
			runOnlyForDeploymentPostprocessing = 0;
			shellPath = /bin/sh;
			shellScript = "\"${PODS_ROOT}/Target Support Files/Pods-Demo/Pods-Demo-frameworks.sh\"\n";
			showEnvVarsInLog = 0;
		};
		447D28D2C9CB5D267C76F568 /* [CP] Check Pods Manifest.lock */ = {
			isa = PBXShellScriptBuildPhase;
			buildActionMask = 2147483647;
			files = (
			);
			inputFileListPaths = (
			);
			inputPaths = (
				"${PODS_PODFILE_DIR_PATH}/Podfile.lock",
				"${PODS_ROOT}/Manifest.lock",
			);
			name = "[CP] Check Pods Manifest.lock";
			outputFileListPaths = (
			);
			outputPaths = (
				"$(DERIVED_FILE_DIR)/Pods-Demo-checkManifestLockResult.txt",
			);
			runOnlyForDeploymentPostprocessing = 0;
			shellPath = /bin/sh;
			shellScript = "diff \"${PODS_PODFILE_DIR_PATH}/Podfile.lock\" \"${PODS_ROOT}/Manifest.lock\" > /dev/null\nif [ $? != 0 ] ; then\n    # print error to STDERR\n    echo \"error: The sandbox is not in sync with the Podfile.lock. Run 'pod install' or update your CocoaPods installation.\" >&2\n    exit 1\nfi\n# This output is used by Xcode 'outputs' to avoid re-running this script phase.\necho \"SUCCESS\" > \"${SCRIPT_OUTPUT_FILE_0}\"\n";
			showEnvVarsInLog = 0;
		};
/* End PBXShellScriptBuildPhase section */

/* Begin PBXSourcesBuildPhase section */
		9BD3F76C2876D58D00015754 /* Sources */ = {
			isa = PBXSourcesBuildPhase;
			buildActionMask = 2147483647;
			files = (
				9BD3F7782876D58D00015754 /* ViewController.swift in Sources */,
				9B2654772879A2C800325A9E /* AudioPlayerManager.swift in Sources */,
				9BD3F79028780E1C00015754 /* AudioPlayerListController.swift in Sources */,
				9BD3F7882877DB8D00015754 /* AudioPlayerController.swift in Sources */,
				9B26547328783F4700325A9E /* AudioPlayerManager.RemoteControl.swift in Sources */,
				9BD3F7742876D58D00015754 /* AppDelegate.swift in Sources */,
				9B2654752879A20500325A9E /* AudioPlayerItem.swift in Sources */,
				9BD3F78C2877E22B00015754 /* AudioPlayerPlanetLayer.swift in Sources */,
				9B5349B728800C1E009E07D7 /* AudioPlayerButton.swift in Sources */,
				9BD3F7762876D58D00015754 /* SceneDelegate.swift in Sources */,
				9BD3F78E2878047500015754 /* Storyboard.swift in Sources */,
				9BD3F78A2877DBF600015754 /* AudioPlayerView.swift in Sources */,
				9BD3F79228781C9100015754 /* AudioPlayerQueue.swift in Sources */,
			);
			runOnlyForDeploymentPostprocessing = 0;
		};
/* End PBXSourcesBuildPhase section */

/* Begin PBXVariantGroup section */
		9BD3F7792876D58D00015754 /* Main.storyboard */ = {
			isa = PBXVariantGroup;
			children = (
				9BD3F77A2876D58D00015754 /* Base */,
			);
			name = Main.storyboard;
			sourceTree = "<group>";
		};
		9BD3F77E2876D58E00015754 /* LaunchScreen.storyboard */ = {
			isa = PBXVariantGroup;
			children = (
				9BD3F77F2876D58E00015754 /* Base */,
			);
			name = LaunchScreen.storyboard;
			sourceTree = "<group>";
		};
/* End PBXVariantGroup section */

/* Begin XCBuildConfiguration section */
		9BD3F7822876D58E00015754 /* Debug */ = {
			isa = XCBuildConfiguration;
			buildSettings = {
				ALWAYS_SEARCH_USER_PATHS = NO;
				CLANG_ANALYZER_NONNULL = YES;
				CLANG_ANALYZER_NUMBER_OBJECT_CONVERSION = YES_AGGRESSIVE;
				CLANG_CXX_LANGUAGE_STANDARD = "gnu++17";
				CLANG_ENABLE_MODULES = YES;
				CLANG_ENABLE_OBJC_ARC = YES;
				CLANG_ENABLE_OBJC_WEAK = YES;
				CLANG_WARN_BLOCK_CAPTURE_AUTORELEASING = YES;
				CLANG_WARN_BOOL_CONVERSION = YES;
				CLANG_WARN_COMMA = YES;
				CLANG_WARN_CONSTANT_CONVERSION = YES;
				CLANG_WARN_DEPRECATED_OBJC_IMPLEMENTATIONS = YES;
				CLANG_WARN_DIRECT_OBJC_ISA_USAGE = YES_ERROR;
				CLANG_WARN_DOCUMENTATION_COMMENTS = YES;
				CLANG_WARN_EMPTY_BODY = YES;
				CLANG_WARN_ENUM_CONVERSION = YES;
				CLANG_WARN_INFINITE_RECURSION = YES;
				CLANG_WARN_INT_CONVERSION = YES;
				CLANG_WARN_NON_LITERAL_NULL_CONVERSION = YES;
				CLANG_WARN_OBJC_IMPLICIT_RETAIN_SELF = YES;
				CLANG_WARN_OBJC_LITERAL_CONVERSION = YES;
				CLANG_WARN_OBJC_ROOT_CLASS = YES_ERROR;
				CLANG_WARN_QUOTED_INCLUDE_IN_FRAMEWORK_HEADER = YES;
				CLANG_WARN_RANGE_LOOP_ANALYSIS = YES;
				CLANG_WARN_STRICT_PROTOTYPES = YES;
				CLANG_WARN_SUSPICIOUS_MOVE = YES;
				CLANG_WARN_UNGUARDED_AVAILABILITY = YES_AGGRESSIVE;
				CLANG_WARN_UNREACHABLE_CODE = YES;
				CLANG_WARN__DUPLICATE_METHOD_MATCH = YES;
				COPY_PHASE_STRIP = NO;
				DEBUG_INFORMATION_FORMAT = dwarf;
				ENABLE_STRICT_OBJC_MSGSEND = YES;
				ENABLE_TESTABILITY = YES;
				GCC_C_LANGUAGE_STANDARD = gnu11;
				GCC_DYNAMIC_NO_PIC = NO;
				GCC_NO_COMMON_BLOCKS = YES;
				GCC_OPTIMIZATION_LEVEL = 0;
				GCC_PREPROCESSOR_DEFINITIONS = (
					"DEBUG=1",
					"$(inherited)",
				);
				GCC_WARN_64_TO_32_BIT_CONVERSION = YES;
				GCC_WARN_ABOUT_RETURN_TYPE = YES_ERROR;
				GCC_WARN_UNDECLARED_SELECTOR = YES;
				GCC_WARN_UNINITIALIZED_AUTOS = YES_AGGRESSIVE;
				GCC_WARN_UNUSED_FUNCTION = YES;
				GCC_WARN_UNUSED_VARIABLE = YES;
				IPHONEOS_DEPLOYMENT_TARGET = 15.5;
				MTL_ENABLE_DEBUG_INFO = INCLUDE_SOURCE;
				MTL_FAST_MATH = YES;
				ONLY_ACTIVE_ARCH = YES;
				SDKROOT = iphoneos;
				SWIFT_ACTIVE_COMPILATION_CONDITIONS = DEBUG;
				SWIFT_OPTIMIZATION_LEVEL = "-Onone";
			};
			name = Debug;
		};
		9BD3F7832876D58E00015754 /* Release */ = {
			isa = XCBuildConfiguration;
			buildSettings = {
				ALWAYS_SEARCH_USER_PATHS = NO;
				CLANG_ANALYZER_NONNULL = YES;
				CLANG_ANALYZER_NUMBER_OBJECT_CONVERSION = YES_AGGRESSIVE;
				CLANG_CXX_LANGUAGE_STANDARD = "gnu++17";
				CLANG_ENABLE_MODULES = YES;
				CLANG_ENABLE_OBJC_ARC = YES;
				CLANG_ENABLE_OBJC_WEAK = YES;
				CLANG_WARN_BLOCK_CAPTURE_AUTORELEASING = YES;
				CLANG_WARN_BOOL_CONVERSION = YES;
				CLANG_WARN_COMMA = YES;
				CLANG_WARN_CONSTANT_CONVERSION = YES;
				CLANG_WARN_DEPRECATED_OBJC_IMPLEMENTATIONS = YES;
				CLANG_WARN_DIRECT_OBJC_ISA_USAGE = YES_ERROR;
				CLANG_WARN_DOCUMENTATION_COMMENTS = YES;
				CLANG_WARN_EMPTY_BODY = YES;
				CLANG_WARN_ENUM_CONVERSION = YES;
				CLANG_WARN_INFINITE_RECURSION = YES;
				CLANG_WARN_INT_CONVERSION = YES;
				CLANG_WARN_NON_LITERAL_NULL_CONVERSION = YES;
				CLANG_WARN_OBJC_IMPLICIT_RETAIN_SELF = YES;
				CLANG_WARN_OBJC_LITERAL_CONVERSION = YES;
				CLANG_WARN_OBJC_ROOT_CLASS = YES_ERROR;
				CLANG_WARN_QUOTED_INCLUDE_IN_FRAMEWORK_HEADER = YES;
				CLANG_WARN_RANGE_LOOP_ANALYSIS = YES;
				CLANG_WARN_STRICT_PROTOTYPES = YES;
				CLANG_WARN_SUSPICIOUS_MOVE = YES;
				CLANG_WARN_UNGUARDED_AVAILABILITY = YES_AGGRESSIVE;
				CLANG_WARN_UNREACHABLE_CODE = YES;
				CLANG_WARN__DUPLICATE_METHOD_MATCH = YES;
				COPY_PHASE_STRIP = NO;
				DEBUG_INFORMATION_FORMAT = "dwarf-with-dsym";
				ENABLE_NS_ASSERTIONS = NO;
				ENABLE_STRICT_OBJC_MSGSEND = YES;
				GCC_C_LANGUAGE_STANDARD = gnu11;
				GCC_NO_COMMON_BLOCKS = YES;
				GCC_WARN_64_TO_32_BIT_CONVERSION = YES;
				GCC_WARN_ABOUT_RETURN_TYPE = YES_ERROR;
				GCC_WARN_UNDECLARED_SELECTOR = YES;
				GCC_WARN_UNINITIALIZED_AUTOS = YES_AGGRESSIVE;
				GCC_WARN_UNUSED_FUNCTION = YES;
				GCC_WARN_UNUSED_VARIABLE = YES;
				IPHONEOS_DEPLOYMENT_TARGET = 15.5;
				MTL_ENABLE_DEBUG_INFO = NO;
				MTL_FAST_MATH = YES;
				SDKROOT = iphoneos;
				SWIFT_COMPILATION_MODE = wholemodule;
				SWIFT_OPTIMIZATION_LEVEL = "-O";
				VALIDATE_PRODUCT = YES;
			};
			name = Release;
		};
		9BD3F7852876D58E00015754 /* Debug */ = {
			isa = XCBuildConfiguration;
			baseConfigurationReference = 30D87B82558D539A0CDF977D /* Pods-Demo.debug.xcconfig */;
			buildSettings = {
				ASSETCATALOG_COMPILER_APPICON_NAME = AppIcon;
				ASSETCATALOG_COMPILER_GLOBAL_ACCENT_COLOR_NAME = AccentColor;
				CODE_SIGN_STYLE = Automatic;
				CURRENT_PROJECT_VERSION = 1;
				DEVELOPMENT_TEAM = 8G74YECJ4Z;
				GENERATE_INFOPLIST_FILE = YES;
				INFOPLIST_FILE = Demo/Info.plist;
				INFOPLIST_KEY_CFBundleDisplayName = AudioPlayer;
				INFOPLIST_KEY_UIApplicationSupportsIndirectInputEvents = YES;
				INFOPLIST_KEY_UILaunchStoryboardName = LaunchScreen;
				INFOPLIST_KEY_UIMainStoryboardFile = Main;
				INFOPLIST_KEY_UISupportedInterfaceOrientations_iPad = "UIInterfaceOrientationPortrait UIInterfaceOrientationPortraitUpsideDown UIInterfaceOrientationLandscapeLeft UIInterfaceOrientationLandscapeRight";
				INFOPLIST_KEY_UISupportedInterfaceOrientations_iPhone = "UIInterfaceOrientationPortrait UIInterfaceOrientationLandscapeLeft UIInterfaceOrientationLandscapeRight";
				IPHONEOS_DEPLOYMENT_TARGET = 11.0;
				LD_RUNPATH_SEARCH_PATHS = (
					"$(inherited)",
					"@executable_path/Frameworks",
				);
				MARKETING_VERSION = 1.0;
				PRODUCT_BUNDLE_IDENTIFIER = com.audio.player.demo;
				PRODUCT_NAME = "$(TARGET_NAME)";
				SWIFT_EMIT_LOC_STRINGS = YES;
				SWIFT_VERSION = 5.0;
				TARGETED_DEVICE_FAMILY = "1,2";
			};
			name = Debug;
		};
		9BD3F7862876D58E00015754 /* Release */ = {
			isa = XCBuildConfiguration;
			baseConfigurationReference = 2196F9AB8F7FFD40D56B16A9 /* Pods-Demo.release.xcconfig */;
			buildSettings = {
				ASSETCATALOG_COMPILER_APPICON_NAME = AppIcon;
				ASSETCATALOG_COMPILER_GLOBAL_ACCENT_COLOR_NAME = AccentColor;
				CODE_SIGN_STYLE = Automatic;
				CURRENT_PROJECT_VERSION = 1;
				DEVELOPMENT_TEAM = 8G74YECJ4Z;
				GENERATE_INFOPLIST_FILE = YES;
				INFOPLIST_FILE = Demo/Info.plist;
				INFOPLIST_KEY_CFBundleDisplayName = AudioPlayer;
				INFOPLIST_KEY_UIApplicationSupportsIndirectInputEvents = YES;
				INFOPLIST_KEY_UILaunchStoryboardName = LaunchScreen;
				INFOPLIST_KEY_UIMainStoryboardFile = Main;
				INFOPLIST_KEY_UISupportedInterfaceOrientations_iPad = "UIInterfaceOrientationPortrait UIInterfaceOrientationPortraitUpsideDown UIInterfaceOrientationLandscapeLeft UIInterfaceOrientationLandscapeRight";
				INFOPLIST_KEY_UISupportedInterfaceOrientations_iPhone = "UIInterfaceOrientationPortrait UIInterfaceOrientationLandscapeLeft UIInterfaceOrientationLandscapeRight";
				IPHONEOS_DEPLOYMENT_TARGET = 11.0;
				LD_RUNPATH_SEARCH_PATHS = (
					"$(inherited)",
					"@executable_path/Frameworks",
				);
				MARKETING_VERSION = 1.0;
				PRODUCT_BUNDLE_IDENTIFIER = com.audio.player.demo;
				PRODUCT_NAME = "$(TARGET_NAME)";
				SWIFT_EMIT_LOC_STRINGS = YES;
				SWIFT_VERSION = 5.0;
				TARGETED_DEVICE_FAMILY = "1,2";
			};
			name = Release;
		};
/* End XCBuildConfiguration section */

/* Begin XCConfigurationList section */
		9BD3F76B2876D58D00015754 /* Build configuration list for PBXProject "Demo" */ = {
			isa = XCConfigurationList;
			buildConfigurations = (
				9BD3F7822876D58E00015754 /* Debug */,
				9BD3F7832876D58E00015754 /* Release */,
			);
			defaultConfigurationIsVisible = 0;
			defaultConfigurationName = Release;
		};
		9BD3F7842876D58E00015754 /* Build configuration list for PBXNativeTarget "Demo" */ = {
			isa = XCConfigurationList;
			buildConfigurations = (
				9BD3F7852876D58E00015754 /* Debug */,
				9BD3F7862876D58E00015754 /* Release */,
			);
			defaultConfigurationIsVisible = 0;
			defaultConfigurationName = Release;
		};
/* End XCConfigurationList section */
	};
	rootObject = 9BD3F7682876D58D00015754 /* Project object */;
}
