PODS:
  - AudioPlayer (1.0.0):
    - AudioPlayer/AVPlayer (= 1.0.0)
    - AudioPlayer/Core (= 1.0.0)
  - AudioPlayer/AVPlayer (1.0.0):
    - AudioPlayer/Core
  - AudioPlayer/Core (1.0.0)
  - Loading (1.1.2)
  - SnapKit (5.0.1)
  - UIAdapter (1.1.0)
  - UIImageColors (2.1.0)

DEPENDENCIES:
  - AudioPlayer (from `../`)
  - Loading (~> 1.1.0)
  - SnapKit (~> 5.0.0)
  - UIAdapter
  - UIImageColors

SPEC REPOS:
  https://github.com/CocoaPods/Specs.git:
    - SnapKit
    - UIAdapter
    - UIImageColors
  https://github.com/lixiang1994/Specs.git:
    - Loading

EXTERNAL SOURCES:
  AudioPlayer:
    :path: "../"

SPEC CHECKSUMS:
  AudioPlayer: d86443d95da47a89f61a20a7ad82176c3ce081fa
  Loading: eabab8cbe5e08fdce6f8d5b781491c5b0cd33624
  SnapKit: 97b92857e3df3a0c71833cce143274bf6ef8e5eb
  UIAdapter: 763299507d2087b19577eade2834bca6b3cedb1f
  UIImageColors: d2ef3b0877d203cbb06489eeb78ea8b7788caabe

PODFILE CHECKSUM: 57591c7d52b61047ac43a85887fd374421812469

COCOAPODS: 1.11.2
